
Microsoft Visual Studio Solution File, Format Version 12.00
# Visual Studio Version 17
VisualStudioVersion = 17.1.32104.313
MinimumVisualStudioVersion = 10.0.40219.1
Project("{2150E333-8FDC-42A3-9474-1A3956D46DE8}") = "src", "src", "{970C981C-83CC-41C5-AB73-5B76D2C8AF55}"
EndProject
Project("{2150E333-8FDC-42A3-9474-1A3956D46DE8}") = "library", "library", "{B8B33279-C78D-4E57-97D4-15DA3157EF3E}"
EndProject
Project("{9A19103F-16F7-4668-BE54-9A1E7A4F7556}") = "Domain", "src\Domain\Domain.csproj", "{59C81CF8-4E56-4D94-A66C-BD70262BA207}"
EndProject
Project("{9A19103F-16F7-4668-BE54-9A1E7A4F7556}") = "Application", "src\Application\Application.csproj", "{3DAB797D-9D8F-4B99-A359-7A625269E8B8}"
EndProject
Project("{9A19103F-16F7-4668-BE54-9A1E7A4F7556}") = "Infrastructure", "src\Infrastructure\Infrastructure.csproj", "{DCB9BC48-3BA2-4DE6-90A5-1EF3E0FB6094}"
EndProject
Project("{9A19103F-16F7-4668-BE54-9A1E7A4F7556}") = "API", "src\API\API.csproj", "{835C44CF-750E-4BBA-99AB-E102B7A58F83}"
EndProject
Project("{FAE04EC0-301F-11D3-BF4B-00C04F79EFBC}") = "Authentication", "src\Authentication\Authentication.csproj", "{842A52C7-94CD-4EC2-98F1-A43CBE54156C}"
EndProject
Global
	GlobalSection(SolutionConfigurationPlatforms) = preSolution
		Debug|Any CPU = Debug|Any CPU
		Release|Any CPU = Release|Any CPU
	EndGlobalSection
	GlobalSection(ProjectConfigurationPlatforms) = postSolution
		{59C81CF8-4E56-4D94-A66C-BD70262BA207}.Debug|Any CPU.ActiveCfg = Debug|Any CPU
		{59C81CF8-4E56-4D94-A66C-BD70262BA207}.Debug|Any CPU.Build.0 = Debug|Any CPU
		{59C81CF8-4E56-4D94-A66C-BD70262BA207}.Release|Any CPU.ActiveCfg = Release|Any CPU
		{59C81CF8-4E56-4D94-A66C-BD70262BA207}.Release|Any CPU.Build.0 = Release|Any CPU
		{3DAB797D-9D8F-4B99-A359-7A625269E8B8}.Debug|Any CPU.ActiveCfg = Debug|Any CPU
		{3DAB797D-9D8F-4B99-A359-7A625269E8B8}.Debug|Any CPU.Build.0 = Debug|Any CPU
		{3DAB797D-9D8F-4B99-A359-7A625269E8B8}.Release|Any CPU.ActiveCfg = Release|Any CPU
		{3DAB797D-9D8F-4B99-A359-7A625269E8B8}.Release|Any CPU.Build.0 = Release|Any CPU
		{DCB9BC48-3BA2-4DE6-90A5-1EF3E0FB6094}.Debug|Any CPU.ActiveCfg = Debug|Any CPU
		{DCB9BC48-3BA2-4DE6-90A5-1EF3E0FB6094}.Debug|Any CPU.Build.0 = Debug|Any CPU
		{DCB9BC48-3BA2-4DE6-90A5-1EF3E0FB6094}.Release|Any CPU.ActiveCfg = Release|Any CPU
		{DCB9BC48-3BA2-4DE6-90A5-1EF3E0FB6094}.Release|Any CPU.Build.0 = Release|Any CPU
		{835C44CF-750E-4BBA-99AB-E102B7A58F83}.Debug|Any CPU.ActiveCfg = Debug|Any CPU
		{835C44CF-750E-4BBA-99AB-E102B7A58F83}.Debug|Any CPU.Build.0 = Debug|Any CPU
		{835C44CF-750E-4BBA-99AB-E102B7A58F83}.Release|Any CPU.ActiveCfg = Release|Any CPU
		{835C44CF-750E-4BBA-99AB-E102B7A58F83}.Release|Any CPU.Build.0 = Release|Any CPU
		{842A52C7-94CD-4EC2-98F1-A43CBE54156C}.Debug|Any CPU.ActiveCfg = Debug|Any CPU
		{842A52C7-94CD-4EC2-98F1-A43CBE54156C}.Debug|Any CPU.Build.0 = Debug|Any CPU
		{842A52C7-94CD-4EC2-98F1-A43CBE54156C}.Release|Any CPU.ActiveCfg = Release|Any CPU
		{842A52C7-94CD-4EC2-98F1-A43CBE54156C}.Release|Any CPU.Build.0 = Release|Any CPU
	EndGlobalSection
	GlobalSection(SolutionProperties) = preSolution
		HideSolutionNode = FALSE
	EndGlobalSection
	GlobalSection(NestedProjects) = preSolution
		{59C81CF8-4E56-4D94-A66C-BD70262BA207} = {970C981C-83CC-41C5-AB73-5B76D2C8AF55}
		{3DAB797D-9D8F-4B99-A359-7A625269E8B8} = {970C981C-83CC-41C5-AB73-5B76D2C8AF55}
		{DCB9BC48-3BA2-4DE6-90A5-1EF3E0FB6094} = {970C981C-83CC-41C5-AB73-5B76D2C8AF55}
		{835C44CF-750E-4BBA-99AB-E102B7A58F83} = {970C981C-83CC-41C5-AB73-5B76D2C8AF55}
		{842A52C7-94CD-4EC2-98F1-A43CBE54156C} = {970C981C-83CC-41C5-AB73-5B76D2C8AF55}
	EndGlobalSection
	GlobalSection(ExtensibilityGlobals) = postSolution
		SolutionGuid = {456B513D-FBD7-4FB2-AEF0-D0ACA9D052C9}
	EndGlobalSection
EndGlobal
